
Microsoft Visual Studio Solution File, Format Version 12.00
# Visual Studio 2013
VisualStudioVersion = 12.0.21005.1
MinimumVisualStudioVersion = 10.0.40219.1
Project("{F14B399A-7131-4C87-9E4B-1186C45EF12D}") = "Northwood Reports", "Northwood Reports.rptproj", "{DEC2B0CA-6C87-4AF0-9331-CD75FDA6AA4D}"
EndProject
Global
	GlobalSection(SolutionConfigurationPlatforms) = preSolution
		Debug|Default = Debug|Default
		DebugLocal|Default = DebugLocal|Default
		Release|Default = Release|Default
	EndGlobalSection
	GlobalSection(ProjectConfigurationPlatforms) = postSolution
		{DEC2B0CA-6C87-4AF0-9331-CD75FDA6AA4D}.Debug|Default.ActiveCfg = Debug
		{DEC2B0CA-6C87-4AF0-9331-CD75FDA6AA4D}.Debug|Default.Build.0 = Debug
		{DEC2B0CA-6C87-4AF0-9331-CD75FDA6AA4D}.Debug|Default.Deploy.0 = Debug
		{DEC2B0CA-6C87-4AF0-9331-CD75FDA6AA4D}.DebugLocal|Default.ActiveCfg = DebugLocal
		{DEC2B0CA-6C87-4AF0-9331-CD75FDA6AA4D}.DebugLocal|Default.Build.0 = DebugLocal
		{DEC2B0CA-6C87-4AF0-9331-CD75FDA6AA4D}.Release|Default.ActiveCfg = Release
		{DEC2B0CA-6C87-4AF0-9331-CD75FDA6AA4D}.Release|Default.Build.0 = Release
		{DEC2B0CA-6C87-4AF0-9331-CD75FDA6AA4D}.Release|Default.Deploy.0 = Release
	EndGlobalSection
	GlobalSection(SolutionProperties) = preSolution
		HideSolutionNode = FALSE
	EndGlobalSection
EndGlobal
